
Microsoft Visual Studio Solution File, Format Version 12.00
Project("{FAE04EC0-301F-11D3-BF4B-00C04F79EFBC}") = "AreaLibrary", "AreaLibrary\AreaLibrary.csproj", "{38FDFBCB-8309-4FD2-ADDE-B587CAA20FBD}"
EndProject
Project("{FAE04EC0-301F-11D3-BF4B-00C04F79EFBC}") = "AreaLibrary.UnitTest", "AreaLibrary.UnitTest\AreaLibrary.UnitTest.csproj", "{C23D2DD8-94FF-41E7-80A0-23CB2F03B315}"
EndProject
Global
	GlobalSection(SolutionConfigurationPlatforms) = preSolution
		Debug|Any CPU = Debug|Any CPU
		Release|Any CPU = Release|Any CPU
	EndGlobalSection
	GlobalSection(ProjectConfigurationPlatforms) = postSolution
		{38FDFBCB-8309-4FD2-ADDE-B587CAA20FBD}.Debug|Any CPU.ActiveCfg = Debug|Any CPU
		{38FDFBCB-8309-4FD2-ADDE-B587CAA20FBD}.Debug|Any CPU.Build.0 = Debug|Any CPU
		{38FDFBCB-8309-4FD2-ADDE-B587CAA20FBD}.Release|Any CPU.ActiveCfg = Release|Any CPU
		{38FDFBCB-8309-4FD2-ADDE-B587CAA20FBD}.Release|Any CPU.Build.0 = Release|Any CPU
		{C23D2DD8-94FF-41E7-80A0-23CB2F03B315}.Debug|Any CPU.ActiveCfg = Debug|Any CPU
		{C23D2DD8-94FF-41E7-80A0-23CB2F03B315}.Debug|Any CPU.Build.0 = Debug|Any CPU
		{C23D2DD8-94FF-41E7-80A0-23CB2F03B315}.Release|Any CPU.ActiveCfg = Release|Any CPU
		{C23D2DD8-94FF-41E7-80A0-23CB2F03B315}.Release|Any CPU.Build.0 = Release|Any CPU
	EndGlobalSection
EndGlobal
